// !$*UTF8*$!
{
	archiveVersion = 1;
	classes = {
	};
	objectVersion = 50;
	objects = {

/* Begin PBXBuildFile section */
		A4AB7BA422A79B7400B89CD4 /* AppDelegate.swift in Sources */ = {isa = PBXBuildFile; fileRef = A4AB7BA322A79B7400B89CD4 /* AppDelegate.swift */; };
		A4AB7BA622A79B7400B89CD4 /* SceneDelegate.swift in Sources */ = {isa = PBXBuildFile; fileRef = A4AB7BA522A79B7400B89CD4 /* SceneDelegate.swift */; };
		A4AB7BAA22A79B7500B89CD4 /* Assets.xcassets in Resources */ = {isa = PBXBuildFile; fileRef = A4AB7BA922A79B7500B89CD4 /* Assets.xcassets */; };
		A4AB7BAD22A79B7500B89CD4 /* Preview Assets.xcassets in Resources */ = {isa = PBXBuildFile; fileRef = A4AB7BAC22A79B7500B89CD4 /* Preview Assets.xcassets */; };
		A4AB7BB022A79B7500B89CD4 /* LaunchScreen.storyboard in Resources */ = {isa = PBXBuildFile; fileRef = A4AB7BAE22A79B7500B89CD4 /* LaunchScreen.storyboard */; };
		A4AB7BBE22A79BA100B89CD4 /* ImageFromUrl.swift in Sources */ = {isa = PBXBuildFile; fileRef = A4AB7BB822A79BA100B89CD4 /* ImageFromUrl.swift */; };
		A4AB7BBF22A79BA100B89CD4 /* Content.swift in Sources */ = {isa = PBXBuildFile; fileRef = A4AB7BB922A79BA100B89CD4 /* Content.swift */; };
		A4AB7BC022A79BA100B89CD4 /* Row.swift in Sources */ = {isa = PBXBuildFile; fileRef = A4AB7BBA22A79BA100B89CD4 /* Row.swift */; };
		A4AB7BC122A79BA100B89CD4 /* ToggleData.swift in Sources */ = {isa = PBXBuildFile; fileRef = A4AB7BBC22A79BA100B89CD4 /* ToggleData.swift */; };
		A4AB7BC222A79BA100B89CD4 /* ImageData.swift in Sources */ = {isa = PBXBuildFile; fileRef = A4AB7BBD22A79BA100B89CD4 /* ImageData.swift */; };
/* End PBXBuildFile section */

/* Begin PBXFileReference section */
		A4AB7BA022A79B7400B89CD4 /* iOS-Demo-SwiftUI-basics.app */ = {isa = PBXFileReference; explicitFileType = wrapper.application; includeInIndex = 0; path = "iOS-Demo-SwiftUI-basics.app"; sourceTree = BUILT_PRODUCTS_DIR; };
		A4AB7BA322A79B7400B89CD4 /* AppDelegate.swift */ = {isa = PBXFileReference; lastKnownFileType = sourcecode.swift; path = AppDelegate.swift; sourceTree = "<group>"; };
		A4AB7BA522A79B7400B89CD4 /* SceneDelegate.swift */ = {isa = PBXFileReference; lastKnownFileType = sourcecode.swift; path = SceneDelegate.swift; sourceTree = "<group>"; };
		A4AB7BA922A79B7500B89CD4 /* Assets.xcassets */ = {isa = PBXFileReference; lastKnownFileType = folder.assetcatalog; path = Assets.xcassets; sourceTree = "<group>"; };
		A4AB7BAC22A79B7500B89CD4 /* Preview Assets.xcassets */ = {isa = PBXFileReference; lastKnownFileType = folder.assetcatalog; path = "Preview Assets.xcassets"; sourceTree = "<group>"; };
		A4AB7BAF22A79B7500B89CD4 /* Base */ = {isa = PBXFileReference; lastKnownFileType = file.storyboard; name = Base; path = Base.lproj/LaunchScreen.storyboard; sourceTree = "<group>"; };
		A4AB7BB122A79B7500B89CD4 /* Info.plist */ = {isa = PBXFileReference; lastKnownFileType = text.plist.xml; path = Info.plist; sourceTree = "<group>"; };
		A4AB7BB822A79BA100B89CD4 /* ImageFromUrl.swift */ = {isa = PBXFileReference; fileEncoding = 4; lastKnownFileType = sourcecode.swift; path = ImageFromUrl.swift; sourceTree = "<group>"; };
		A4AB7BB922A79BA100B89CD4 /* Content.swift */ = {isa = PBXFileReference; fileEncoding = 4; lastKnownFileType = sourcecode.swift; path = Content.swift; sourceTree = "<group>"; };
		A4AB7BBA22A79BA100B89CD4 /* Row.swift */ = {isa = PBXFileReference; fileEncoding = 4; lastKnownFileType = sourcecode.swift; path = Row.swift; sourceTree = "<group>"; };
		A4AB7BBC22A79BA100B89CD4 /* ToggleData.swift */ = {isa = PBXFileReference; fileEncoding = 4; lastKnownFileType = sourcecode.swift; path = ToggleData.swift; sourceTree = "<group>"; };
		A4AB7BBD22A79BA100B89CD4 /* ImageData.swift */ = {isa = PBXFileReference; fileEncoding = 4; lastKnownFileType = sourcecode.swift; path = ImageData.swift; sourceTree = "<group>"; };
/* End PBXFileReference section */

/* Begin PBXFrameworksBuildPhase section */
		A4AB7B9D22A79B7400B89CD4 /* Frameworks */ = {
			isa = PBXFrameworksBuildPhase;
			buildActionMask = 2147483647;
			files = (
			);
			runOnlyForDeploymentPostprocessing = 0;
		};
/* End PBXFrameworksBuildPhase section */

/* Begin PBXGroup section */
		A4AB7B9722A79B7400B89CD4 = {
			isa = PBXGroup;
			children = (
				A4AB7BA222A79B7400B89CD4 /* iOS-Demo-SwiftUI-basics */,
				A4AB7BA122A79B7400B89CD4 /* Products */,
			);
			sourceTree = "<group>";
		};
		A4AB7BA122A79B7400B89CD4 /* Products */ = {
			isa = PBXGroup;
			children = (
				A4AB7BA022A79B7400B89CD4 /* iOS-Demo-SwiftUI-basics.app */,
			);
			name = Products;
			sourceTree = "<group>";
		};
		A4AB7BA222A79B7400B89CD4 /* iOS-Demo-SwiftUI-basics */ = {
			isa = PBXGroup;
			children = (
				A4AB7BBB22A79BA100B89CD4 /* BindableObjects */,
				A4AB7BB722A79BA100B89CD4 /* Views */,
				A4AB7BC322A79BBD00B89CD4 /* Resources */,
				A4AB7BAB22A79B7500B89CD4 /* Preview Content */,
				A4AB7BA522A79B7400B89CD4 /* SceneDelegate.swift */,
			);
			path = "iOS-Demo-SwiftUI-basics";
			sourceTree = "<group>";
		};
		A4AB7BAB22A79B7500B89CD4 /* Preview Content */ = {
			isa = PBXGroup;
			children = (
				A4AB7BAC22A79B7500B89CD4 /* Preview Assets.xcassets */,
			);
			path = "Preview Content";
			sourceTree = "<group>";
		};
		A4AB7BB722A79BA100B89CD4 /* Views */ = {
			isa = PBXGroup;
			children = (
				A4AB7BB822A79BA100B89CD4 /* ImageFromUrl.swift */,
				A4AB7BB922A79BA100B89CD4 /* Content.swift */,
				A4AB7BBA22A79BA100B89CD4 /* Row.swift */,
			);
			path = Views;
			sourceTree = "<group>";
		};
		A4AB7BBB22A79BA100B89CD4 /* BindableObjects */ = {
			isa = PBXGroup;
			children = (
				A4AB7BBC22A79BA100B89CD4 /* ToggleData.swift */,
				A4AB7BBD22A79BA100B89CD4 /* ImageData.swift */,
			);
			path = BindableObjects;
			sourceTree = "<group>";
		};
		A4AB7BC322A79BBD00B89CD4 /* Resources */ = {
			isa = PBXGroup;
			children = (
				A4AB7BA322A79B7400B89CD4 /* AppDelegate.swift */,
				A4AB7BA922A79B7500B89CD4 /* Assets.xcassets */,
				A4AB7BAE22A79B7500B89CD4 /* LaunchScreen.storyboard */,
				A4AB7BB122A79B7500B89CD4 /* Info.plist */,
			);
			path = Resources;
			sourceTree = "<group>";
		};
/* End PBXGroup section */

/* Begin PBXNativeTarget section */
		A4AB7B9F22A79B7400B89CD4 /* iOS-Demo-SwiftUI-basics */ = {
			isa = PBXNativeTarget;
			buildConfigurationList = A4AB7BB422A79B7500B89CD4 /* Build configuration list for PBXNativeTarget "iOS-Demo-SwiftUI-basics" */;
			buildPhases = (
				A4AB7B9C22A79B7400B89CD4 /* Sources */,
				A4AB7B9D22A79B7400B89CD4 /* Frameworks */,
				A4AB7B9E22A79B7400B89CD4 /* Resources */,
			);
			buildRules = (
			);
			dependencies = (
			);
			name = "iOS-Demo-SwiftUI-basics";
			productName = "iOS-Demo-SwiftUI-basics";
			productReference = A4AB7BA022A79B7400B89CD4 /* iOS-Demo-SwiftUI-basics.app */;
			productType = "com.apple.product-type.application";
		};
/* End PBXNativeTarget section */

/* Begin PBXProject section */
		A4AB7B9822A79B7400B89CD4 /* Project object */ = {
			isa = PBXProject;
			attributes = {
				LastSwiftUpdateCheck = 1100;
				LastUpgradeCheck = 1100;
				ORGANIZATIONNAME = Q42;
				TargetAttributes = {
					A4AB7B9F22A79B7400B89CD4 = {
						CreatedOnToolsVersion = 11.0;
					};
				};
			};
			buildConfigurationList = A4AB7B9B22A79B7400B89CD4 /* Build configuration list for PBXProject "iOS-Demo-SwiftUI-basics" */;
			compatibilityVersion = "Xcode 9.3";
			developmentRegion = en;
			hasScannedForEncodings = 0;
			knownRegions = (
				en,
				Base,
			);
			mainGroup = A4AB7B9722A79B7400B89CD4;
			productRefGroup = A4AB7BA122A79B7400B89CD4 /* Products */;
			projectDirPath = "";
			projectRoot = "";
			targets = (
				A4AB7B9F22A79B7400B89CD4 /* iOS-Demo-SwiftUI-basics */,
			);
		};
/* End PBXProject section */

/* Begin PBXResourcesBuildPhase section */
		A4AB7B9E22A79B7400B89CD4 /* Resources */ = {
			isa = PBXResourcesBuildPhase;
			buildActionMask = 2147483647;
			files = (
				A4AB7BB022A79B7500B89CD4 /* LaunchScreen.storyboard in Resources */,
				A4AB7BAD22A79B7500B89CD4 /* Preview Assets.xcassets in Resources */,
				A4AB7BAA22A79B7500B89CD4 /* Assets.xcassets in Resources */,
			);
			runOnlyForDeploymentPostprocessing = 0;
		};
/* End PBXResourcesBuildPhase section */

/* Begin PBXSourcesBuildPhase section */
		A4AB7B9C22A79B7400B89CD4 /* Sources */ = {
			isa = PBXSourcesBuildPhase;
			buildActionMask = 2147483647;
			files = (
				A4AB7BA422A79B7400B89CD4 /* AppDelegate.swift in Sources */,
				A4AB7BA622A79B7400B89CD4 /* SceneDelegate.swift in Sources */,
				A4AB7BBF22A79BA100B89CD4 /* Content.swift in Sources */,
				A4AB7BC022A79BA100B89CD4 /* Row.swift in Sources */,
				A4AB7BC122A79BA100B89CD4 /* ToggleData.swift in Sources */,
				A4AB7BBE22A79BA100B89CD4 /* ImageFromUrl.swift in Sources */,
				A4AB7BC222A79BA100B89CD4 /* ImageData.swift in Sources */,
			);
			runOnlyForDeploymentPostprocessing = 0;
		};
/* End PBXSourcesBuildPhase section */

/* Begin PBXVariantGroup section */
		A4AB7BAE22A79B7500B89CD4 /* LaunchScreen.storyboard */ = {
			isa = PBXVariantGroup;
			children = (
				A4AB7BAF22A79B7500B89CD4 /* Base */,
			);
			name = LaunchScreen.storyboard;
			sourceTree = "<group>";
		};
/* End PBXVariantGroup section */

/* Begin XCBuildConfiguration section */
		A4AB7BB222A79B7500B89CD4 /* Debug */ = {
			isa = XCBuildConfiguration;
			buildSettings = {
				ALWAYS_SEARCH_USER_PATHS = NO;
				CLANG_ANALYZER_NONNULL = YES;
				CLANG_ANALYZER_NUMBER_OBJECT_CONVERSION = YES_AGGRESSIVE;
				CLANG_CXX_LANGUAGE_STANDARD = "gnu++14";
				CLANG_CXX_LIBRARY = "libc++";
				CLANG_ENABLE_MODULES = YES;
				CLANG_ENABLE_OBJC_ARC = YES;
				CLANG_ENABLE_OBJC_WEAK = YES;
				CLANG_WARN_BLOCK_CAPTURE_AUTORELEASING = YES;
				CLANG_WARN_BOOL_CONVERSION = YES;
				CLANG_WARN_COMMA = YES;
				CLANG_WARN_CONSTANT_CONVERSION = YES;
				CLANG_WARN_DEPRECATED_OBJC_IMPLEMENTATIONS = YES;
				CLANG_WARN_DIRECT_OBJC_ISA_USAGE = YES_ERROR;
				CLANG_WARN_DOCUMENTATION_COMMENTS = YES;
				CLANG_WARN_EMPTY_BODY = YES;
				CLANG_WARN_ENUM_CONVERSION = YES;
				CLANG_WARN_INFINITE_RECURSION = YES;
				CLANG_WARN_INT_CONVERSION = YES;
				CLANG_WARN_NON_LITERAL_NULL_CONVERSION = YES;
				CLANG_WARN_OBJC_IMPLICIT_RETAIN_SELF = YES;
				CLANG_WARN_OBJC_LITERAL_CONVERSION = YES;
				CLANG_WARN_OBJC_ROOT_CLASS = YES_ERROR;
				CLANG_WARN_RANGE_LOOP_ANALYSIS = YES;
				CLANG_WARN_STRICT_PROTOTYPES = YES;
				CLANG_WARN_SUSPICIOUS_MOVE = YES;
				CLANG_WARN_UNGUARDED_AVAILABILITY = YES_AGGRESSIVE;
				CLANG_WARN_UNREACHABLE_CODE = YES;
				CLANG_WARN__DUPLICATE_METHOD_MATCH = YES;
				COPY_PHASE_STRIP = NO;
				DEBUG_INFORMATION_FORMAT = dwarf;
				ENABLE_STRICT_OBJC_MSGSEND = YES;
				ENABLE_TESTABILITY = YES;
				GCC_C_LANGUAGE_STANDARD = gnu11;
				GCC_DYNAMIC_NO_PIC = NO;
				GCC_NO_COMMON_BLOCKS = YES;
				GCC_OPTIMIZATION_LEVEL = 0;
				GCC_PREPROCESSOR_DEFINITIONS = (
					"DEBUG=1",
					"$(inherited)",
				);
				GCC_WARN_64_TO_32_BIT_CONVERSION = YES;
				GCC_WARN_ABOUT_RETURN_TYPE = YES_ERROR;
				GCC_WARN_UNDECLARED_SELECTOR = YES;
				GCC_WARN_UNINITIALIZED_AUTOS = YES_AGGRESSIVE;
				GCC_WARN_UNUSED_FUNCTION = YES;
				GCC_WARN_UNUSED_VARIABLE = YES;
				IPHONEOS_DEPLOYMENT_TARGET = 13.0;
				MTL_ENABLE_DEBUG_INFO = INCLUDE_SOURCE;
				MTL_FAST_MATH = YES;
				ONLY_ACTIVE_ARCH = YES;
				SDKROOT = iphoneos;
				SWIFT_ACTIVE_COMPILATION_CONDITIONS = DEBUG;
				SWIFT_OPTIMIZATION_LEVEL = "-Onone";
			};
			name = Debug;
		};
		A4AB7BB322A79B7500B89CD4 /* Release */ = {
			isa = XCBuildConfiguration;
			buildSettings = {
				ALWAYS_SEARCH_USER_PATHS = NO;
				CLANG_ANALYZER_NONNULL = YES;
				CLANG_ANALYZER_NUMBER_OBJECT_CONVERSION = YES_AGGRESSIVE;
				CLANG_CXX_LANGUAGE_STANDARD = "gnu++14";
				CLANG_CXX_LIBRARY = "libc++";
				CLANG_ENABLE_MODULES = YES;
				CLANG_ENABLE_OBJC_ARC = YES;
				CLANG_ENABLE_OBJC_WEAK = YES;
				CLANG_WARN_BLOCK_CAPTURE_AUTORELEASING = YES;
				CLANG_WARN_BOOL_CONVERSION = YES;
				CLANG_WARN_COMMA = YES;
				CLANG_WARN_CONSTANT_CONVERSION = YES;
				CLANG_WARN_DEPRECATED_OBJC_IMPLEMENTATIONS = YES;
				CLANG_WARN_DIRECT_OBJC_ISA_USAGE = YES_ERROR;
				CLANG_WARN_DOCUMENTATION_COMMENTS = YES;
				CLANG_WARN_EMPTY_BODY = YES;
				CLANG_WARN_ENUM_CONVERSION = YES;
				CLANG_WARN_INFINITE_RECURSION = YES;
				CLANG_WARN_INT_CONVERSION = YES;
				CLANG_WARN_NON_LITERAL_NULL_CONVERSION = YES;
				CLANG_WARN_OBJC_IMPLICIT_RETAIN_SELF = YES;
				CLANG_WARN_OBJC_LITERAL_CONVERSION = YES;
				CLANG_WARN_OBJC_ROOT_CLASS = YES_ERROR;
				CLANG_WARN_RANGE_LOOP_ANALYSIS = YES;
				CLANG_WARN_STRICT_PROTOTYPES = YES;
				CLANG_WARN_SUSPICIOUS_MOVE = YES;
				CLANG_WARN_UNGUARDED_AVAILABILITY = YES_AGGRESSIVE;
				CLANG_WARN_UNREACHABLE_CODE = YES;
				CLANG_WARN__DUPLICATE_METHOD_MATCH = YES;
				COPY_PHASE_STRIP = NO;
				DEBUG_INFORMATION_FORMAT = "dwarf-with-dsym";
				ENABLE_NS_ASSERTIONS = NO;
				ENABLE_STRICT_OBJC_MSGSEND = YES;
				GCC_C_LANGUAGE_STANDARD = gnu11;
				GCC_NO_COMMON_BLOCKS = YES;
				GCC_WARN_64_TO_32_BIT_CONVERSION = YES;
				GCC_WARN_ABOUT_RETURN_TYPE = YES_ERROR;
				GCC_WARN_UNDECLARED_SELECTOR = YES;
				GCC_WARN_UNINITIALIZED_AUTOS = YES_AGGRESSIVE;
				GCC_WARN_UNUSED_FUNCTION = YES;
				GCC_WARN_UNUSED_VARIABLE = YES;
				IPHONEOS_DEPLOYMENT_TARGET = 13.0;
				MTL_ENABLE_DEBUG_INFO = NO;
				MTL_FAST_MATH = YES;
				SDKROOT = iphoneos;
				SWIFT_COMPILATION_MODE = wholemodule;
				SWIFT_OPTIMIZATION_LEVEL = "-O";
				VALIDATE_PRODUCT = YES;
			};
			name = Release;
		};
		A4AB7BB522A79B7500B89CD4 /* Debug */ = {
			isa = XCBuildConfiguration;
			buildSettings = {
				ASSETCATALOG_COMPILER_APPICON_NAME = AppIcon;
				CODE_SIGN_STYLE = Automatic;
				DEVELOPMENT_ASSET_PATHS = "iOS-Demo-SwiftUI-basics/Preview\\ Content";
				DEVELOPMENT_TEAM = 8J6VSUTQNX;
				ENABLE_PREVIEWS = YES;
				INFOPLIST_FILE = "iOS-Demo-SwiftUI-basics/Resources/Info.plist";
				LD_RUNPATH_SEARCH_PATHS = (
					"$(inherited)",
					"@executable_path/Frameworks",
				);
				PRODUCT_BUNDLE_IDENTIFIER = "Q42.iOS-Demo-SwiftUI-basics";
				PRODUCT_NAME = "$(TARGET_NAME)";
				SWIFT_VERSION = 5.0;
				TARGETED_DEVICE_FAMILY = "1,2";
			};
			name = Debug;
		};
		A4AB7BB622A79B7500B89CD4 /* Release */ = {
			isa = XCBuildConfiguration;
			buildSettings = {
				ASSETCATALOG_COMPILER_APPICON_NAME = AppIcon;
				CODE_SIGN_STYLE = Automatic;
				DEVELOPMENT_ASSET_PATHS = "iOS-Demo-SwiftUI-basics/Preview\\ Content";
				DEVELOPMENT_TEAM = 8J6VSUTQNX;
				ENABLE_PREVIEWS = YES;
				INFOPLIST_FILE = "iOS-Demo-SwiftUI-basics/Resources/Info.plist";
				LD_RUNPATH_SEARCH_PATHS = (
					"$(inherited)",
					"@executable_path/Frameworks",
				);
				PRODUCT_BUNDLE_IDENTIFIER = "Q42.iOS-Demo-SwiftUI-basics";
				PRODUCT_NAME = "$(TARGET_NAME)";
				SWIFT_VERSION = 5.0;
				TARGETED_DEVICE_FAMILY = "1,2";
			};
			name = Release;
		};
/* End XCBuildConfiguration section */

/* Begin XCConfigurationList section */
		A4AB7B9B22A79B7400B89CD4 /* Build configuration list for PBXProject "iOS-Demo-SwiftUI-basics" */ = {
			isa = XCConfigurationList;
			buildConfigurations = (
				A4AB7BB222A79B7500B89CD4 /* Debug */,
				A4AB7BB322A79B7500B89CD4 /* Release */,
			);
			defaultConfigurationIsVisible = 0;
			defaultConfigurationName = Release;
		};
		A4AB7BB422A79B7500B89CD4 /* Build configuration list for PBXNativeTarget "iOS-Demo-SwiftUI-basics" */ = {
			isa = XCConfigurationList;
			buildConfigurations = (
				A4AB7BB522A79B7500B89CD4 /* Debug */,
				A4AB7BB622A79B7500B89CD4 /* Release */,
			);
			defaultConfigurationIsVisible = 0;
			defaultConfigurationName = Release;
		};
/* End XCConfigurationList section */
	};
	rootObject = A4AB7B9822A79B7400B89CD4 /* Project object */;
}
